// !$*UTF8*$!
{
	archiveVersion = 1;
	classes = {
	};
	objectVersion = 50;
	objects = {

/* Begin PBXBuildFile section */
		49E057B62694B4B200D6D9F9 /* AppDelegate.swift in Sources */ = {isa = PBXBuildFile; fileRef = 49E057B52694B4B200D6D9F9 /* AppDelegate.swift */; };
		49E057B82694B4B200D6D9F9 /* SceneDelegate.swift in Sources */ = {isa = PBXBuildFile; fileRef = 49E057B72694B4B200D6D9F9 /* SceneDelegate.swift */; };
		49E057BA2694B4B200D6D9F9 /* ViewController.swift in Sources */ = {isa = PBXBuildFile; fileRef = 49E057B92694B4B200D6D9F9 /* ViewController.swift */; };
		49E057BD2694B4B200D6D9F9 /* Main.storyboard in Resources */ = {isa = PBXBuildFile; fileRef = 49E057BB2694B4B200D6D9F9 /* Main.storyboard */; };
		49E057BF2694B4B600D6D9F9 /* Assets.xcassets in Resources */ = {isa = PBXBuildFile; fileRef = 49E057BE2694B4B600D6D9F9 /* Assets.xcassets */; };
		49E057C22694B4B600D6D9F9 /* LaunchScreen.storyboard in Resources */ = {isa = PBXBuildFile; fileRef = 49E057C02694B4B600D6D9F9 /* LaunchScreen.storyboard */; };
		49E057CA26954AD100D6D9F9 /* Concentration.swift in Sources */ = {isa = PBXBuildFile; fileRef = 49E057C926954AD100D6D9F9 /* Concentration.swift */; };
		49E057CC26954BA000D6D9F9 /* Card.swift in Sources */ = {isa = PBXBuildFile; fileRef = 49E057CB26954BA000D6D9F9 /* Card.swift */; };
/* End PBXBuildFile section */

/* Begin PBXFileReference section */
		49E057B22694B4B200D6D9F9 /* aGame.app */ = {isa = PBXFileReference; explicitFileType = wrapper.application; includeInIndex = 0; path = aGame.app; sourceTree = BUILT_PRODUCTS_DIR; };
		49E057B52694B4B200D6D9F9 /* AppDelegate.swift */ = {isa = PBXFileReference; lastKnownFileType = sourcecode.swift; path = AppDelegate.swift; sourceTree = "<group>"; };
		49E057B72694B4B200D6D9F9 /* SceneDelegate.swift */ = {isa = PBXFileReference; lastKnownFileType = sourcecode.swift; path = SceneDelegate.swift; sourceTree = "<group>"; };
		49E057B92694B4B200D6D9F9 /* ViewController.swift */ = {isa = PBXFileReference; lastKnownFileType = sourcecode.swift; path = ViewController.swift; sourceTree = "<group>"; };
		49E057BC2694B4B200D6D9F9 /* Base */ = {isa = PBXFileReference; lastKnownFileType = file.storyboard; name = Base; path = Base.lproj/Main.storyboard; sourceTree = "<group>"; };
		49E057BE2694B4B600D6D9F9 /* Assets.xcassets */ = {isa = PBXFileReference; lastKnownFileType = folder.assetcatalog; path = Assets.xcassets; sourceTree = "<group>"; };
		49E057C12694B4B600D6D9F9 /* Base */ = {isa = PBXFileReference; lastKnownFileType = file.storyboard; name = Base; path = Base.lproj/LaunchScreen.storyboard; sourceTree = "<group>"; };
		49E057C32694B4B600D6D9F9 /* Info.plist */ = {isa = PBXFileReference; lastKnownFileType = text.plist.xml; path = Info.plist; sourceTree = "<group>"; };
		49E057C926954AD100D6D9F9 /* Concentration.swift */ = {isa = PBXFileReference; lastKnownFileType = sourcecode.swift; path = Concentration.swift; sourceTree = SOURCE_ROOT; };
		49E057CB26954BA000D6D9F9 /* Card.swift */ = {isa = PBXFileReference; lastKnownFileType = sourcecode.swift; path = Card.swift; sourceTree = "<group>"; };
/* End PBXFileReference section */

/* Begin PBXFrameworksBuildPhase section */
		49E057AF2694B4B200D6D9F9 /* Frameworks */ = {
			isa = PBXFrameworksBuildPhase;
			buildActionMask = 2147483647;
			files = (
			);
			runOnlyForDeploymentPostprocessing = 0;
		};
/* End PBXFrameworksBuildPhase section */

/* Begin PBXGroup section */
		49E057A92694B4B200D6D9F9 = {
			isa = PBXGroup;
			children = (
				49E057B42694B4B200D6D9F9 /* aGame */,
				49E057B32694B4B200D6D9F9 /* Products */,
			);
			sourceTree = "<group>";
		};
		49E057B32694B4B200D6D9F9 /* Products */ = {
			isa = PBXGroup;
			children = (
				49E057B22694B4B200D6D9F9 /* aGame.app */,
			);
			name = Products;
			sourceTree = "<group>";
		};
		49E057B42694B4B200D6D9F9 /* aGame */ = {
			isa = PBXGroup;
			children = (
				49E057C926954AD100D6D9F9 /* Concentration.swift */,
				49E057CB26954BA000D6D9F9 /* Card.swift */,
				49E057B52694B4B200D6D9F9 /* AppDelegate.swift */,
				49E057B72694B4B200D6D9F9 /* SceneDelegate.swift */,
				49E057B92694B4B200D6D9F9 /* ViewController.swift */,
				49E057BB2694B4B200D6D9F9 /* Main.storyboard */,
				49E057BE2694B4B600D6D9F9 /* Assets.xcassets */,
				49E057C02694B4B600D6D9F9 /* LaunchScreen.storyboard */,
				49E057C32694B4B600D6D9F9 /* Info.plist */,
			);
			path = aGame;
			sourceTree = "<group>";
		};
/* End PBXGroup section */

/* Begin PBXNativeTarget section */
		49E057B12694B4B200D6D9F9 /* aGame */ = {
			isa = PBXNativeTarget;
			buildConfigurationList = 49E057C62694B4B600D6D9F9 /* Build configuration list for PBXNativeTarget "aGame" */;
			buildPhases = (
				49E057AE2694B4B200D6D9F9 /* Sources */,
				49E057AF2694B4B200D6D9F9 /* Frameworks */,
				49E057B02694B4B200D6D9F9 /* Resources */,
			);
			buildRules = (
			);
			dependencies = (
			);
			name = aGame;
			productName = aGame;
			productReference = 49E057B22694B4B200D6D9F9 /* aGame.app */;
			productType = "com.apple.product-type.application";
		};
/* End PBXNativeTarget section */

/* Begin PBXProject section */
		49E057AA2694B4B200D6D9F9 /* Project object */ = {
			isa = PBXProject;
			attributes = {
				LastSwiftUpdateCheck = 1250;
				LastUpgradeCheck = 1250;
				TargetAttributes = {
					49E057B12694B4B200D6D9F9 = {
						CreatedOnToolsVersion = 12.5.1;
					};
				};
			};
			buildConfigurationList = 49E057AD2694B4B200D6D9F9 /* Build configuration list for PBXProject "aGame" */;
			compatibilityVersion = "Xcode 9.3";
			developmentRegion = en;
			hasScannedForEncodings = 0;
			knownRegions = (
				en,
				Base,
			);
			mainGroup = 49E057A92694B4B200D6D9F9;
			productRefGroup = 49E057B32694B4B200D6D9F9 /* Products */;
			projectDirPath = "";
			projectRoot = "";
			targets = (
				49E057B12694B4B200D6D9F9 /* aGame */,
			);
		};
/* End PBXProject section */

/* Begin PBXResourcesBuildPhase section */
		49E057B02694B4B200D6D9F9 /* Resources */ = {
			isa = PBXResourcesBuildPhase;
			buildActionMask = 2147483647;
			files = (
				49E057C22694B4B600D6D9F9 /* LaunchScreen.storyboard in Resources */,
				49E057BF2694B4B600D6D9F9 /* Assets.xcassets in Resources */,
				49E057BD2694B4B200D6D9F9 /* Main.storyboard in Resources */,
			);
			runOnlyForDeploymentPostprocessing = 0;
		};
/* End PBXResourcesBuildPhase section */

/* Begin PBXSourcesBuildPhase section */
		49E057AE2694B4B200D6D9F9 /* Sources */ = {
			isa = PBXSourcesBuildPhase;
			buildActionMask = 2147483647;
			files = (
				49E057BA2694B4B200D6D9F9 /* ViewController.swift in Sources */,
				49E057CA26954AD100D6D9F9 /* Concentration.swift in Sources */,
				49E057CC26954BA000D6D9F9 /* Card.swift in Sources */,
				49E057B62694B4B200D6D9F9 /* AppDelegate.swift in Sources */,
				49E057B82694B4B200D6D9F9 /* SceneDelegate.swift in Sources */,
			);
			runOnlyForDeploymentPostprocessing = 0;
		};
/* End PBXSourcesBuildPhase section */

/* Begin PBXVariantGroup section */
		49E057BB2694B4B200D6D9F9 /* Main.storyboard */ = {
			isa = PBXVariantGroup;
			children = (
				49E057BC2694B4B200D6D9F9 /* Base */,
			);
			name = Main.storyboard;
			sourceTree = "<group>";
		};
		49E057C02694B4B600D6D9F9 /* LaunchScreen.storyboard */ = {
			isa = PBXVariantGroup;
			children = (
				49E057C12694B4B600D6D9F9 /* Base */,
			);
			name = LaunchScreen.storyboard;
			sourceTree = "<group>";
		};
/* End PBXVariantGroup section */

/* Begin XCBuildConfiguration section */
		49E057C42694B4B600D6D9F9 /* Debug */ = {
			isa = XCBuildConfiguration;
			buildSettings = {
				ALWAYS_SEARCH_USER_PATHS = NO;
				CLANG_ANALYZER_NONNULL = YES;
				CLANG_ANALYZER_NUMBER_OBJECT_CONVERSION = YES_AGGRESSIVE;
				CLANG_CXX_LANGUAGE_STANDARD = "gnu++14";
				CLANG_CXX_LIBRARY = "libc++";
				CLANG_ENABLE_MODULES = YES;
				CLANG_ENABLE_OBJC_ARC = YES;
				CLANG_ENABLE_OBJC_WEAK = YES;
				CLANG_WARN_BLOCK_CAPTURE_AUTORELEASING = YES;
				CLANG_WARN_BOOL_CONVERSION = YES;
				CLANG_WARN_COMMA = YES;
				CLANG_WARN_CONSTANT_CONVERSION = YES;
				CLANG_WARN_DEPRECATED_OBJC_IMPLEMENTATIONS = YES;
				CLANG_WARN_DIRECT_OBJC_ISA_USAGE = YES_ERROR;
				CLANG_WARN_DOCUMENTATION_COMMENTS = YES;
				CLANG_WARN_EMPTY_BODY = YES;
				CLANG_WARN_ENUM_CONVERSION = YES;
				CLANG_WARN_INFINITE_RECURSION = YES;
				CLANG_WARN_INT_CONVERSION = YES;
				CLANG_WARN_NON_LITERAL_NULL_CONVERSION = YES;
				CLANG_WARN_OBJC_IMPLICIT_RETAIN_SELF = YES;
				CLANG_WARN_OBJC_LITERAL_CONVERSION = YES;
				CLANG_WARN_OBJC_ROOT_CLASS = YES_ERROR;
				CLANG_WARN_QUOTED_INCLUDE_IN_FRAMEWORK_HEADER = YES;
				CLANG_WARN_RANGE_LOOP_ANALYSIS = YES;
				CLANG_WARN_STRICT_PROTOTYPES = YES;
				CLANG_WARN_SUSPICIOUS_MOVE = YES;
				CLANG_WARN_UNGUARDED_AVAILABILITY = YES_AGGRESSIVE;
				CLANG_WARN_UNREACHABLE_CODE = YES;
				CLANG_WARN__DUPLICATE_METHOD_MATCH = YES;
				COPY_PHASE_STRIP = NO;
				DEBUG_INFORMATION_FORMAT = dwarf;
				ENABLE_STRICT_OBJC_MSGSEND = YES;
				ENABLE_TESTABILITY = YES;
				GCC_C_LANGUAGE_STANDARD = gnu11;
				GCC_DYNAMIC_NO_PIC = NO;
				GCC_NO_COMMON_BLOCKS = YES;
				GCC_OPTIMIZATION_LEVEL = 0;
				GCC_PREPROCESSOR_DEFINITIONS = (
					"DEBUG=1",
					"$(inherited)",
				);
				GCC_WARN_64_TO_32_BIT_CONVERSION = YES;
				GCC_WARN_ABOUT_RETURN_TYPE = YES_ERROR;
				GCC_WARN_UNDECLARED_SELECTOR = YES;
				GCC_WARN_UNINITIALIZED_AUTOS = YES_AGGRESSIVE;
				GCC_WARN_UNUSED_FUNCTION = YES;
				GCC_WARN_UNUSED_VARIABLE = YES;
				IPHONEOS_DEPLOYMENT_TARGET = 14.5;
				MTL_ENABLE_DEBUG_INFO = INCLUDE_SOURCE;
				MTL_FAST_MATH = YES;
				ONLY_ACTIVE_ARCH = YES;
				SDKROOT = iphoneos;
				SWIFT_ACTIVE_COMPILATION_CONDITIONS = DEBUG;
				SWIFT_OPTIMIZATION_LEVEL = "-Onone";
			};
			name = Debug;
		};
		49E057C52694B4B600D6D9F9 /* Release */ = {
			isa = XCBuildConfiguration;
			buildSettings = {
				ALWAYS_SEARCH_USER_PATHS = NO;
				CLANG_ANALYZER_NONNULL = YES;
				CLANG_ANALYZER_NUMBER_OBJECT_CONVERSION = YES_AGGRESSIVE;
				CLANG_CXX_LANGUAGE_STANDARD = "gnu++14";
				CLANG_CXX_LIBRARY = "libc++";
				CLANG_ENABLE_MODULES = YES;
				CLANG_ENABLE_OBJC_ARC = YES;
				CLANG_ENABLE_OBJC_WEAK = YES;
				CLANG_WARN_BLOCK_CAPTURE_AUTORELEASING = YES;
				CLANG_WARN_BOOL_CONVERSION = YES;
				CLANG_WARN_COMMA = YES;
				CLANG_WARN_CONSTANT_CONVERSION = YES;
				CLANG_WARN_DEPRECATED_OBJC_IMPLEMENTATIONS = YES;
				CLANG_WARN_DIRECT_OBJC_ISA_USAGE = YES_ERROR;
				CLANG_WARN_DOCUMENTATION_COMMENTS = YES;
				CLANG_WARN_EMPTY_BODY = YES;
				CLANG_WARN_ENUM_CONVERSION = YES;
				CLANG_WARN_INFINITE_RECURSION = YES;
				CLANG_WARN_INT_CONVERSION = YES;
				CLANG_WARN_NON_LITERAL_NULL_CONVERSION = YES;
				CLANG_WARN_OBJC_IMPLICIT_RETAIN_SELF = YES;
				CLANG_WARN_OBJC_LITERAL_CONVERSION = YES;
				CLANG_WARN_OBJC_ROOT_CLASS = YES_ERROR;
				CLANG_WARN_QUOTED_INCLUDE_IN_FRAMEWORK_HEADER = YES;
				CLANG_WARN_RANGE_LOOP_ANALYSIS = YES;
				CLANG_WARN_STRICT_PROTOTYPES = YES;
				CLANG_WARN_SUSPICIOUS_MOVE = YES;
				CLANG_WARN_UNGUARDED_AVAILABILITY = YES_AGGRESSIVE;
				CLANG_WARN_UNREACHABLE_CODE = YES;
				CLANG_WARN__DUPLICATE_METHOD_MATCH = YES;
				COPY_PHASE_STRIP = NO;
				DEBUG_INFORMATION_FORMAT = "dwarf-with-dsym";
				ENABLE_NS_ASSERTIONS = NO;
				ENABLE_STRICT_OBJC_MSGSEND = YES;
				GCC_C_LANGUAGE_STANDARD = gnu11;
				GCC_NO_COMMON_BLOCKS = YES;
				GCC_WARN_64_TO_32_BIT_CONVERSION = YES;
				GCC_WARN_ABOUT_RETURN_TYPE = YES_ERROR;
				GCC_WARN_UNDECLARED_SELECTOR = YES;
				GCC_WARN_UNINITIALIZED_AUTOS = YES_AGGRESSIVE;
				GCC_WARN_UNUSED_FUNCTION = YES;
				GCC_WARN_UNUSED_VARIABLE = YES;
				IPHONEOS_DEPLOYMENT_TARGET = 14.5;
				MTL_ENABLE_DEBUG_INFO = NO;
				MTL_FAST_MATH = YES;
				SDKROOT = iphoneos;
				SWIFT_COMPILATION_MODE = wholemodule;
				SWIFT_OPTIMIZATION_LEVEL = "-O";
				VALIDATE_PRODUCT = YES;
			};
			name = Release;
		};
		49E057C72694B4B600D6D9F9 /* Debug */ = {
			isa = XCBuildConfiguration;
			buildSettings = {
				ASSETCATALOG_COMPILER_APPICON_NAME = AppIcon;
				ASSETCATALOG_COMPILER_GLOBAL_ACCENT_COLOR_NAME = AccentColor;
				CODE_SIGN_STYLE = Automatic;
				DEVELOPMENT_TEAM = QLWQ866YC4;
				INFOPLIST_FILE = aGame/Info.plist;
				IPHONEOS_DEPLOYMENT_TARGET = 14.3;
				LD_RUNPATH_SEARCH_PATHS = (
					"$(inherited)",
					"@executable_path/Frameworks",
				);
				PRODUCT_BUNDLE_IDENTIFIER = jc.aGame;
				PRODUCT_NAME = "$(TARGET_NAME)";
				SWIFT_VERSION = 5.0;
				TARGETED_DEVICE_FAMILY = "1,2";
			};
			name = Debug;
		};
		49E057C82694B4B600D6D9F9 /* Release */ = {
			isa = XCBuildConfiguration;
			buildSettings = {
				ASSETCATALOG_COMPILER_APPICON_NAME = AppIcon;
				ASSETCATALOG_COMPILER_GLOBAL_ACCENT_COLOR_NAME = AccentColor;
				CODE_SIGN_STYLE = Automatic;
				DEVELOPMENT_TEAM = QLWQ866YC4;
				INFOPLIST_FILE = aGame/Info.plist;
				IPHONEOS_DEPLOYMENT_TARGET = 14.3;
				LD_RUNPATH_SEARCH_PATHS = (
					"$(inherited)",
					"@executable_path/Frameworks",
				);
				PRODUCT_BUNDLE_IDENTIFIER = jc.aGame;
				PRODUCT_NAME = "$(TARGET_NAME)";
				SWIFT_VERSION = 5.0;
				TARGETED_DEVICE_FAMILY = "1,2";
			};
			name = Release;
		};
/* End XCBuildConfiguration section */

/* Begin XCConfigurationList section */
		49E057AD2694B4B200D6D9F9 /* Build configuration list for PBXProject "aGame" */ = {
			isa = XCConfigurationList;
			buildConfigurations = (
				49E057C42694B4B600D6D9F9 /* Debug */,
				49E057C52694B4B600D6D9F9 /* Release */,
			);
			defaultConfigurationIsVisible = 0;
			defaultConfigurationName = Release;
		};
		49E057C62694B4B600D6D9F9 /* Build configuration list for PBXNativeTarget "aGame" */ = {
			isa = XCConfigurationList;
			buildConfigurations = (
				49E057C72694B4B600D6D9F9 /* Debug */,
				49E057C82694B4B600D6D9F9 /* Release */,
			);
			defaultConfigurationIsVisible = 0;
			defaultConfigurationName = Release;
		};
/* End XCConfigurationList section */
	};
	rootObject = 49E057AA2694B4B200D6D9F9 /* Project object */;
}
